
Microsoft Visual Studio Solution File, Format Version 12.00
# Visual Studio Version 17
VisualStudioVersion = 17.5.002.0
MinimumVisualStudioVersion = 10.0.40219.1
Project("{9A19103F-16F7-4668-BE54-9A1E7A4F7556}") = "Jogo da Forca", "Jogo da Forca\Jogo da Forca.csproj", "{60063396-AA00-4288-AF0E-48033E4A35C1}"
EndProject
Project("{FAE04EC0-301F-11D3-BF4B-00C04F79EFBC}") = "Jogo da Velha", "Jogo da Velha\Jogo da Velha.csproj", "{BE5DE75B-9EFD-4A6F-A759-FB2FBC3EB90A}"
EndProject
Global
	GlobalSection(SolutionConfigurationPlatforms) = preSolution
		Debug|Any CPU = Debug|Any CPU
		Release|Any CPU = Release|Any CPU
	EndGlobalSection
	GlobalSection(ProjectConfigurationPlatforms) = postSolution
		{60063396-AA00-4288-AF0E-48033E4A35C1}.Debug|Any CPU.ActiveCfg = Debug|Any CPU
		{60063396-AA00-4288-AF0E-48033E4A35C1}.Debug|Any CPU.Build.0 = Debug|Any CPU
		{60063396-AA00-4288-AF0E-48033E4A35C1}.Release|Any CPU.ActiveCfg = Release|Any CPU
		{60063396-AA00-4288-AF0E-48033E4A35C1}.Release|Any CPU.Build.0 = Release|Any CPU
		{728C9659-470E-4F33-A84E-AE071D0E7A9E}.Debug|Any CPU.ActiveCfg = Debug|Any CPU
		{728C9659-470E-4F33-A84E-AE071D0E7A9E}.Debug|Any CPU.Build.0 = Debug|Any CPU
		{728C9659-470E-4F33-A84E-AE071D0E7A9E}.Release|Any CPU.ActiveCfg = Release|Any CPU
		{728C9659-470E-4F33-A84E-AE071D0E7A9E}.Release|Any CPU.Build.0 = Release|Any CPU
		{BE5DE75B-9EFD-4A6F-A759-FB2FBC3EB90A}.Debug|Any CPU.ActiveCfg = Debug|Any CPU
		{BE5DE75B-9EFD-4A6F-A759-FB2FBC3EB90A}.Debug|Any CPU.Build.0 = Debug|Any CPU
		{BE5DE75B-9EFD-4A6F-A759-FB2FBC3EB90A}.Release|Any CPU.ActiveCfg = Release|Any CPU
		{BE5DE75B-9EFD-4A6F-A759-FB2FBC3EB90A}.Release|Any CPU.Build.0 = Release|Any CPU
		{2645C1CF-4291-4B22-9803-058848E354B0}.Debug|Any CPU.ActiveCfg = Debug|Any CPU
		{2645C1CF-4291-4B22-9803-058848E354B0}.Debug|Any CPU.Build.0 = Debug|Any CPU
		{2645C1CF-4291-4B22-9803-058848E354B0}.Release|Any CPU.ActiveCfg = Release|Any CPU
		{2645C1CF-4291-4B22-9803-058848E354B0}.Release|Any CPU.Build.0 = Release|Any CPU
	EndGlobalSection
	GlobalSection(SolutionProperties) = preSolution
		HideSolutionNode = FALSE
	EndGlobalSection
	GlobalSection(ExtensibilityGlobals) = postSolution
		SolutionGuid = {218050C2-C3C9-4B3B-8576-D36BEC4AD0D7}
	EndGlobalSection
EndGlobal
